
Microsoft Visual Studio Solution File, Format Version 12.00
# Visual Studio Version 17
VisualStudioVersion = 17.6.33723.286
MinimumVisualStudioVersion = 10.0.40219.1
Project("{9A19103F-16F7-4668-BE54-9A1E7A4F7556}") = "GitViewer.WebApp", "GitViewer.WebApp\GitViewer.WebApp.csproj", "{65507F45-00B9-4B6F-A58D-9F37C162050A}"
EndProject
Project("{9A19103F-16F7-4668-BE54-9A1E7A4F7556}") = "GitViewer.Client", "GitViewer.Client\GitViewer.Client.csproj", "{C0E61C28-12D2-4C09-8C56-A012A15C2C0E}"
EndProject
Project("{FAE04EC0-301F-11D3-BF4B-00C04F79EFBC}") = "GitViewer.Storage", "GitViewer.Storage\GitViewer.Storage.csproj", "{34BF4EEE-E50A-4E1E-B85F-59710AFF647E}"
EndProject
Global
	GlobalSection(SolutionConfigurationPlatforms) = preSolution
		Debug|Any CPU = Debug|Any CPU
		Release|Any CPU = Release|Any CPU
	EndGlobalSection
	GlobalSection(ProjectConfigurationPlatforms) = postSolution
		{65507F45-00B9-4B6F-A58D-9F37C162050A}.Debug|Any CPU.ActiveCfg = Debug|Any CPU
		{65507F45-00B9-4B6F-A58D-9F37C162050A}.Debug|Any CPU.Build.0 = Debug|Any CPU
		{65507F45-00B9-4B6F-A58D-9F37C162050A}.Release|Any CPU.ActiveCfg = Release|Any CPU
		{65507F45-00B9-4B6F-A58D-9F37C162050A}.Release|Any CPU.Build.0 = Release|Any CPU
		{C0E61C28-12D2-4C09-8C56-A012A15C2C0E}.Debug|Any CPU.ActiveCfg = Debug|Any CPU
		{C0E61C28-12D2-4C09-8C56-A012A15C2C0E}.Debug|Any CPU.Build.0 = Debug|Any CPU
		{C0E61C28-12D2-4C09-8C56-A012A15C2C0E}.Release|Any CPU.ActiveCfg = Release|Any CPU
		{C0E61C28-12D2-4C09-8C56-A012A15C2C0E}.Release|Any CPU.Build.0 = Release|Any CPU
		{34BF4EEE-E50A-4E1E-B85F-59710AFF647E}.Debug|Any CPU.ActiveCfg = Debug|Any CPU
		{34BF4EEE-E50A-4E1E-B85F-59710AFF647E}.Debug|Any CPU.Build.0 = Debug|Any CPU
		{34BF4EEE-E50A-4E1E-B85F-59710AFF647E}.Release|Any CPU.ActiveCfg = Release|Any CPU
		{34BF4EEE-E50A-4E1E-B85F-59710AFF647E}.Release|Any CPU.Build.0 = Release|Any CPU
	EndGlobalSection
	GlobalSection(SolutionProperties) = preSolution
		HideSolutionNode = FALSE
	EndGlobalSection
	GlobalSection(ExtensibilityGlobals) = postSolution
		SolutionGuid = {BCDBBBC6-31BF-4878-ADE1-5B7F7FAE548D}
	EndGlobalSection
EndGlobal
