
Microsoft Visual Studio Solution File, Format Version 12.00
# Visual Studio Version 17
VisualStudioVersion = 17.6.33723.286
MinimumVisualStudioVersion = 10.0.40219.1
Project("{FAE04EC0-301F-11D3-BF4B-00C04F79EFBC}") = "GitViewer.WebApp", "GitViewer.WebApp\GitViewer.WebApp.csproj", "{65507F45-00B9-4B6F-A58D-9F37C162050A}"
EndProject
Project("{FAE04EC0-301F-11D3-BF4B-00C04F79EFBC}") = "GitViewer.DAL", "GitViewer.DAL\GitViewer.DAL.csproj", "{5B87D57C-C0E7-4222-9AF6-D8DF2CBBCDDB}"
EndProject
Project("{FAE04EC0-301F-11D3-BF4B-00C04F79EFBC}") = "GitViewer.GitHubClient", "GitViewer.GitHubClient\GitViewer.GitHubClient.csproj", "{05B0B2EF-2EE6-4DD1-A858-A163C7BAC2D7}"
EndProject
Global
	GlobalSection(SolutionConfigurationPlatforms) = preSolution
		Debug|Any CPU = Debug|Any CPU
		Release|Any CPU = Release|Any CPU
	EndGlobalSection
	GlobalSection(ProjectConfigurationPlatforms) = postSolution
		{65507F45-00B9-4B6F-A58D-9F37C162050A}.Debug|Any CPU.ActiveCfg = Debug|Any CPU
		{65507F45-00B9-4B6F-A58D-9F37C162050A}.Debug|Any CPU.Build.0 = Debug|Any CPU
		{65507F45-00B9-4B6F-A58D-9F37C162050A}.Release|Any CPU.ActiveCfg = Release|Any CPU
		{65507F45-00B9-4B6F-A58D-9F37C162050A}.Release|Any CPU.Build.0 = Release|Any CPU
		{5B87D57C-C0E7-4222-9AF6-D8DF2CBBCDDB}.Debug|Any CPU.ActiveCfg = Debug|Any CPU
		{5B87D57C-C0E7-4222-9AF6-D8DF2CBBCDDB}.Debug|Any CPU.Build.0 = Debug|Any CPU
		{5B87D57C-C0E7-4222-9AF6-D8DF2CBBCDDB}.Release|Any CPU.ActiveCfg = Release|Any CPU
		{5B87D57C-C0E7-4222-9AF6-D8DF2CBBCDDB}.Release|Any CPU.Build.0 = Release|Any CPU
		{05B0B2EF-2EE6-4DD1-A858-A163C7BAC2D7}.Debug|Any CPU.ActiveCfg = Debug|Any CPU
		{05B0B2EF-2EE6-4DD1-A858-A163C7BAC2D7}.Debug|Any CPU.Build.0 = Debug|Any CPU
		{05B0B2EF-2EE6-4DD1-A858-A163C7BAC2D7}.Release|Any CPU.ActiveCfg = Release|Any CPU
		{05B0B2EF-2EE6-4DD1-A858-A163C7BAC2D7}.Release|Any CPU.Build.0 = Release|Any CPU
	EndGlobalSection
	GlobalSection(SolutionProperties) = preSolution
		HideSolutionNode = FALSE
	EndGlobalSection
	GlobalSection(ExtensibilityGlobals) = postSolution
		SolutionGuid = {BCDBBBC6-31BF-4878-ADE1-5B7F7FAE548D}
	EndGlobalSection
EndGlobal
