
Microsoft Visual Studio Solution File, Format Version 12.00
# Visual Studio Version 17
VisualStudioVersion = 17.6.33723.286
MinimumVisualStudioVersion = 10.0.40219.1
Project("{9A19103F-16F7-4668-BE54-9A1E7A4F7556}") = "GitViewer.WebApp", "GitViewer.WebApp\GitViewer.WebApp.csproj", "{65507F45-00B9-4B6F-A58D-9F37C162050A}"
EndProject
Project("{9A19103F-16F7-4668-BE54-9A1E7A4F7556}") = "GitViewer.GitStorage", "GitViewer.GitStorage\GitViewer.GitStorage.csproj", "{C7857ED6-D763-4D42-8DAF-9EB41158E632}"
EndProject
Project("{FAE04EC0-301F-11D3-BF4B-00C04F79EFBC}") = "GitViewer.Desktop", "GitViewer.Desktop\GitViewer.Desktop.csproj", "{F160A788-5638-4AE2-B9A5-F295658D4909}"
EndProject
Global
	GlobalSection(SolutionConfigurationPlatforms) = preSolution
		Debug|Any CPU = Debug|Any CPU
		Release|Any CPU = Release|Any CPU
	EndGlobalSection
	GlobalSection(ProjectConfigurationPlatforms) = postSolution
		{65507F45-00B9-4B6F-A58D-9F37C162050A}.Debug|Any CPU.ActiveCfg = Debug|Any CPU
		{65507F45-00B9-4B6F-A58D-9F37C162050A}.Debug|Any CPU.Build.0 = Debug|Any CPU
		{65507F45-00B9-4B6F-A58D-9F37C162050A}.Release|Any CPU.ActiveCfg = Release|Any CPU
		{65507F45-00B9-4B6F-A58D-9F37C162050A}.Release|Any CPU.Build.0 = Release|Any CPU
		{C7857ED6-D763-4D42-8DAF-9EB41158E632}.Debug|Any CPU.ActiveCfg = Debug|Any CPU
		{C7857ED6-D763-4D42-8DAF-9EB41158E632}.Debug|Any CPU.Build.0 = Debug|Any CPU
		{C7857ED6-D763-4D42-8DAF-9EB41158E632}.Release|Any CPU.ActiveCfg = Release|Any CPU
		{C7857ED6-D763-4D42-8DAF-9EB41158E632}.Release|Any CPU.Build.0 = Release|Any CPU
		{F160A788-5638-4AE2-B9A5-F295658D4909}.Debug|Any CPU.ActiveCfg = Debug|Any CPU
		{F160A788-5638-4AE2-B9A5-F295658D4909}.Debug|Any CPU.Build.0 = Debug|Any CPU
		{F160A788-5638-4AE2-B9A5-F295658D4909}.Release|Any CPU.ActiveCfg = Release|Any CPU
		{F160A788-5638-4AE2-B9A5-F295658D4909}.Release|Any CPU.Build.0 = Release|Any CPU
	EndGlobalSection
	GlobalSection(SolutionProperties) = preSolution
		HideSolutionNode = FALSE
	EndGlobalSection
	GlobalSection(ExtensibilityGlobals) = postSolution
		SolutionGuid = {BCDBBBC6-31BF-4878-ADE1-5B7F7FAE548D}
	EndGlobalSection
EndGlobal
